
Microsoft Visual Studio Solution File, Format Version 12.00
# Visual Studio Version 17
VisualStudioVersion = 17.3.32929.385
MinimumVisualStudioVersion = 10.0.40219.1
Project("{FAE04EC0-301F-11D3-BF4B-00C04F79EFBC}") = "windows-authentication-test", "windows-authentication-test\windows-authentication-test.csproj", "{6DD10748-3D6E-44FB-8E3A-53DB505F91B9}"
EndProject
Global
	GlobalSection(SolutionConfigurationPlatforms) = preSolution
		Debug|Any CPU = Debug|Any CPU
		Release|Any CPU = Release|Any CPU
	EndGlobalSection
	GlobalSection(ProjectConfigurationPlatforms) = postSolution
		{6DD10748-3D6E-44FB-8E3A-53DB505F91B9}.Debug|Any CPU.ActiveCfg = Debug|Any CPU
		{6DD10748-3D6E-44FB-8E3A-53DB505F91B9}.Debug|Any CPU.Build.0 = Debug|Any CPU
		{6DD10748-3D6E-44FB-8E3A-53DB505F91B9}.Release|Any CPU.ActiveCfg = Release|Any CPU
		{6DD10748-3D6E-44FB-8E3A-53DB505F91B9}.Release|Any CPU.Build.0 = Release|Any CPU
	EndGlobalSection
	GlobalSection(SolutionProperties) = preSolution
		HideSolutionNode = FALSE
	EndGlobalSection
	GlobalSection(ExtensibilityGlobals) = postSolution
		SolutionGuid = {AC5E78F9-5D0A-4E42-A3BA-7245EC922B74}
	EndGlobalSection
EndGlobal
